// !$*UTF8*$!
{
	archiveVersion = 1;
	classes = {
	};
	objectVersion = 50;
	objects = {

/* Begin PBXBuildFile section */
		E9E339EE2478076600B91C4C /* AppDelegate.swift in Sources */ = {isa = PBXBuildFile; fileRef = E9E339ED2478076600B91C4C /* AppDelegate.swift */; };
		E9E339F02478076600B91C4C /* SceneDelegate.swift in Sources */ = {isa = PBXBuildFile; fileRef = E9E339EF2478076600B91C4C /* SceneDelegate.swift */; };
		E9E339F22478076600B91C4C /* LaunchViewController.swift in Sources */ = {isa = PBXBuildFile; fileRef = E9E339F12478076600B91C4C /* LaunchViewController.swift */; };
		E9E339F52478076600B91C4C /* Main.storyboard in Resources */ = {isa = PBXBuildFile; fileRef = E9E339F32478076600B91C4C /* Main.storyboard */; };
		E9E339F72478076800B91C4C /* Assets.xcassets in Resources */ = {isa = PBXBuildFile; fileRef = E9E339F62478076800B91C4C /* Assets.xcassets */; };
		E9E339FA2478076800B91C4C /* LaunchScreen.storyboard in Resources */ = {isa = PBXBuildFile; fileRef = E9E339F82478076800B91C4C /* LaunchScreen.storyboard */; };
		E9E33A032478079900B91C4C /* WebKit.framework in Frameworks */ = {isa = PBXBuildFile; fileRef = E9E33A022478079900B91C4C /* WebKit.framework */; };
		E9E33A0524780A7400B91C4C /* WebViewController.swift in Sources */ = {isa = PBXBuildFile; fileRef = E9E33A0424780A7400B91C4C /* WebViewController.swift */; };
/* End PBXBuildFile section */

/* Begin PBXFileReference section */
		E9E339EA2478076600B91C4C /* WebViewWithLaunchScreen.app */ = {isa = PBXFileReference; explicitFileType = wrapper.application; includeInIndex = 0; path = WebViewWithLaunchScreen.app; sourceTree = BUILT_PRODUCTS_DIR; };
		E9E339ED2478076600B91C4C /* AppDelegate.swift */ = {isa = PBXFileReference; lastKnownFileType = sourcecode.swift; path = AppDelegate.swift; sourceTree = "<group>"; };
		E9E339EF2478076600B91C4C /* SceneDelegate.swift */ = {isa = PBXFileReference; lastKnownFileType = sourcecode.swift; path = SceneDelegate.swift; sourceTree = "<group>"; };
		E9E339F12478076600B91C4C /* LaunchViewController.swift */ = {isa = PBXFileReference; lastKnownFileType = sourcecode.swift; path = LaunchViewController.swift; sourceTree = "<group>"; };
		E9E339F42478076600B91C4C /* Base */ = {isa = PBXFileReference; lastKnownFileType = file.storyboard; name = Base; path = Base.lproj/Main.storyboard; sourceTree = "<group>"; };
		E9E339F62478076800B91C4C /* Assets.xcassets */ = {isa = PBXFileReference; lastKnownFileType = folder.assetcatalog; path = Assets.xcassets; sourceTree = "<group>"; };
		E9E339F92478076800B91C4C /* Base */ = {isa = PBXFileReference; lastKnownFileType = file.storyboard; name = Base; path = Base.lproj/LaunchScreen.storyboard; sourceTree = "<group>"; };
		E9E339FB2478076800B91C4C /* Info.plist */ = {isa = PBXFileReference; lastKnownFileType = text.plist.xml; path = Info.plist; sourceTree = "<group>"; };
		E9E33A022478079900B91C4C /* WebKit.framework */ = {isa = PBXFileReference; lastKnownFileType = wrapper.framework; name = WebKit.framework; path = System/Library/Frameworks/WebKit.framework; sourceTree = SDKROOT; };
		E9E33A0424780A7400B91C4C /* WebViewController.swift */ = {isa = PBXFileReference; lastKnownFileType = sourcecode.swift; path = WebViewController.swift; sourceTree = "<group>"; };
/* End PBXFileReference section */

/* Begin PBXFrameworksBuildPhase section */
		E9E339E72478076600B91C4C /* Frameworks */ = {
			isa = PBXFrameworksBuildPhase;
			buildActionMask = 2147483647;
			files = (
				E9E33A032478079900B91C4C /* WebKit.framework in Frameworks */,
			);
			runOnlyForDeploymentPostprocessing = 0;
		};
/* End PBXFrameworksBuildPhase section */

/* Begin PBXGroup section */
		E9E339E12478076600B91C4C = {
			isa = PBXGroup;
			children = (
				E9E339EC2478076600B91C4C /* WebViewWithLaunchScreen */,
				E9E339EB2478076600B91C4C /* Products */,
				E9E33A012478079900B91C4C /* Frameworks */,
			);
			sourceTree = "<group>";
		};
		E9E339EB2478076600B91C4C /* Products */ = {
			isa = PBXGroup;
			children = (
				E9E339EA2478076600B91C4C /* WebViewWithLaunchScreen.app */,
			);
			name = Products;
			sourceTree = "<group>";
		};
		E9E339EC2478076600B91C4C /* WebViewWithLaunchScreen */ = {
			isa = PBXGroup;
			children = (
				E9E339ED2478076600B91C4C /* AppDelegate.swift */,
				E9E339EF2478076600B91C4C /* SceneDelegate.swift */,
				E9E339F12478076600B91C4C /* LaunchViewController.swift */,
				E9E33A0424780A7400B91C4C /* WebViewController.swift */,
				E9E339F32478076600B91C4C /* Main.storyboard */,
				E9E339F62478076800B91C4C /* Assets.xcassets */,
				E9E339F82478076800B91C4C /* LaunchScreen.storyboard */,
				E9E339FB2478076800B91C4C /* Info.plist */,
			);
			path = WebViewWithLaunchScreen;
			sourceTree = "<group>";
		};
		E9E33A012478079900B91C4C /* Frameworks */ = {
			isa = PBXGroup;
			children = (
				E9E33A022478079900B91C4C /* WebKit.framework */,
			);
			name = Frameworks;
			sourceTree = "<group>";
		};
/* End PBXGroup section */

/* Begin PBXNativeTarget section */
		E9E339E92478076600B91C4C /* WebViewWithLaunchScreen */ = {
			isa = PBXNativeTarget;
			buildConfigurationList = E9E339FE2478076800B91C4C /* Build configuration list for PBXNativeTarget "WebViewWithLaunchScreen" */;
			buildPhases = (
				E9E339E62478076600B91C4C /* Sources */,
				E9E339E72478076600B91C4C /* Frameworks */,
				E9E339E82478076600B91C4C /* Resources */,
			);
			buildRules = (
			);
			dependencies = (
			);
			name = WebViewWithLaunchScreen;
			productName = WebViewWithLaunchScreen;
			productReference = E9E339EA2478076600B91C4C /* WebViewWithLaunchScreen.app */;
			productType = "com.apple.product-type.application";
		};
/* End PBXNativeTarget section */

/* Begin PBXProject section */
		E9E339E22478076600B91C4C /* Project object */ = {
			isa = PBXProject;
			attributes = {
				LastSwiftUpdateCheck = 1140;
				LastUpgradeCheck = 1140;
				ORGANIZATIONNAME = "Роман Елфимов";
				TargetAttributes = {
					E9E339E92478076600B91C4C = {
						CreatedOnToolsVersion = 11.4.1;
					};
				};
			};
			buildConfigurationList = E9E339E52478076600B91C4C /* Build configuration list for PBXProject "WebViewWithLaunchScreen" */;
			compatibilityVersion = "Xcode 9.3";
			developmentRegion = en;
			hasScannedForEncodings = 0;
			knownRegions = (
				en,
				Base,
			);
			mainGroup = E9E339E12478076600B91C4C;
			productRefGroup = E9E339EB2478076600B91C4C /* Products */;
			projectDirPath = "";
			projectRoot = "";
			targets = (
				E9E339E92478076600B91C4C /* WebViewWithLaunchScreen */,
			);
		};
/* End PBXProject section */

/* Begin PBXResourcesBuildPhase section */
		E9E339E82478076600B91C4C /* Resources */ = {
			isa = PBXResourcesBuildPhase;
			buildActionMask = 2147483647;
			files = (
				E9E339FA2478076800B91C4C /* LaunchScreen.storyboard in Resources */,
				E9E339F72478076800B91C4C /* Assets.xcassets in Resources */,
				E9E339F52478076600B91C4C /* Main.storyboard in Resources */,
			);
			runOnlyForDeploymentPostprocessing = 0;
		};
/* End PBXResourcesBuildPhase section */

/* Begin PBXSourcesBuildPhase section */
		E9E339E62478076600B91C4C /* Sources */ = {
			isa = PBXSourcesBuildPhase;
			buildActionMask = 2147483647;
			files = (
				E9E339F22478076600B91C4C /* LaunchViewController.swift in Sources */,
				E9E339EE2478076600B91C4C /* AppDelegate.swift in Sources */,
				E9E339F02478076600B91C4C /* SceneDelegate.swift in Sources */,
				E9E33A0524780A7400B91C4C /* WebViewController.swift in Sources */,
			);
			runOnlyForDeploymentPostprocessing = 0;
		};
/* End PBXSourcesBuildPhase section */

/* Begin PBXVariantGroup section */
		E9E339F32478076600B91C4C /* Main.storyboard */ = {
			isa = PBXVariantGroup;
			children = (
				E9E339F42478076600B91C4C /* Base */,
			);
			name = Main.storyboard;
			sourceTree = "<group>";
		};
		E9E339F82478076800B91C4C /* LaunchScreen.storyboard */ = {
			isa = PBXVariantGroup;
			children = (
				E9E339F92478076800B91C4C /* Base */,
			);
			name = LaunchScreen.storyboard;
			sourceTree = "<group>";
		};
/* End PBXVariantGroup section */

/* Begin XCBuildConfiguration section */
		E9E339FC2478076800B91C4C /* Debug */ = {
			isa = XCBuildConfiguration;
			buildSettings = {
				ALWAYS_SEARCH_USER_PATHS = NO;
				CLANG_ANALYZER_NONNULL = YES;
				CLANG_ANALYZER_NUMBER_OBJECT_CONVERSION = YES_AGGRESSIVE;
				CLANG_CXX_LANGUAGE_STANDARD = "gnu++14";
				CLANG_CXX_LIBRARY = "libc++";
				CLANG_ENABLE_MODULES = YES;
				CLANG_ENABLE_OBJC_ARC = YES;
				CLANG_ENABLE_OBJC_WEAK = YES;
				CLANG_WARN_BLOCK_CAPTURE_AUTORELEASING = YES;
				CLANG_WARN_BOOL_CONVERSION = YES;
				CLANG_WARN_COMMA = YES;
				CLANG_WARN_CONSTANT_CONVERSION = YES;
				CLANG_WARN_DEPRECATED_OBJC_IMPLEMENTATIONS = YES;
				CLANG_WARN_DIRECT_OBJC_ISA_USAGE = YES_ERROR;
				CLANG_WARN_DOCUMENTATION_COMMENTS = YES;
				CLANG_WARN_EMPTY_BODY = YES;
				CLANG_WARN_ENUM_CONVERSION = YES;
				CLANG_WARN_INFINITE_RECURSION = YES;
				CLANG_WARN_INT_CONVERSION = YES;
				CLANG_WARN_NON_LITERAL_NULL_CONVERSION = YES;
				CLANG_WARN_OBJC_IMPLICIT_RETAIN_SELF = YES;
				CLANG_WARN_OBJC_LITERAL_CONVERSION = YES;
				CLANG_WARN_OBJC_ROOT_CLASS = YES_ERROR;
				CLANG_WARN_RANGE_LOOP_ANALYSIS = YES;
				CLANG_WARN_STRICT_PROTOTYPES = YES;
				CLANG_WARN_SUSPICIOUS_MOVE = YES;
				CLANG_WARN_UNGUARDED_AVAILABILITY = YES_AGGRESSIVE;
				CLANG_WARN_UNREACHABLE_CODE = YES;
				CLANG_WARN__DUPLICATE_METHOD_MATCH = YES;
				COPY_PHASE_STRIP = NO;
				DEBUG_INFORMATION_FORMAT = dwarf;
				ENABLE_STRICT_OBJC_MSGSEND = YES;
				ENABLE_TESTABILITY = YES;
				GCC_C_LANGUAGE_STANDARD = gnu11;
				GCC_DYNAMIC_NO_PIC = NO;
				GCC_NO_COMMON_BLOCKS = YES;
				GCC_OPTIMIZATION_LEVEL = 0;
				GCC_PREPROCESSOR_DEFINITIONS = (
					"DEBUG=1",
					"$(inherited)",
				);
				GCC_WARN_64_TO_32_BIT_CONVERSION = YES;
				GCC_WARN_ABOUT_RETURN_TYPE = YES_ERROR;
				GCC_WARN_UNDECLARED_SELECTOR = YES;
				GCC_WARN_UNINITIALIZED_AUTOS = YES_AGGRESSIVE;
				GCC_WARN_UNUSED_FUNCTION = YES;
				GCC_WARN_UNUSED_VARIABLE = YES;
				IPHONEOS_DEPLOYMENT_TARGET = 13.4;
				MTL_ENABLE_DEBUG_INFO = INCLUDE_SOURCE;
				MTL_FAST_MATH = YES;
				ONLY_ACTIVE_ARCH = YES;
				SDKROOT = iphoneos;
				SWIFT_ACTIVE_COMPILATION_CONDITIONS = DEBUG;
				SWIFT_OPTIMIZATION_LEVEL = "-Onone";
			};
			name = Debug;
		};
		E9E339FD2478076800B91C4C /* Release */ = {
			isa = XCBuildConfiguration;
			buildSettings = {
				ALWAYS_SEARCH_USER_PATHS = NO;
				CLANG_ANALYZER_NONNULL = YES;
				CLANG_ANALYZER_NUMBER_OBJECT_CONVERSION = YES_AGGRESSIVE;
				CLANG_CXX_LANGUAGE_STANDARD = "gnu++14";
				CLANG_CXX_LIBRARY = "libc++";
				CLANG_ENABLE_MODULES = YES;
				CLANG_ENABLE_OBJC_ARC = YES;
				CLANG_ENABLE_OBJC_WEAK = YES;
				CLANG_WARN_BLOCK_CAPTURE_AUTORELEASING = YES;
				CLANG_WARN_BOOL_CONVERSION = YES;
				CLANG_WARN_COMMA = YES;
				CLANG_WARN_CONSTANT_CONVERSION = YES;
				CLANG_WARN_DEPRECATED_OBJC_IMPLEMENTATIONS = YES;
				CLANG_WARN_DIRECT_OBJC_ISA_USAGE = YES_ERROR;
				CLANG_WARN_DOCUMENTATION_COMMENTS = YES;
				CLANG_WARN_EMPTY_BODY = YES;
				CLANG_WARN_ENUM_CONVERSION = YES;
				CLANG_WARN_INFINITE_RECURSION = YES;
				CLANG_WARN_INT_CONVERSION = YES;
				CLANG_WARN_NON_LITERAL_NULL_CONVERSION = YES;
				CLANG_WARN_OBJC_IMPLICIT_RETAIN_SELF = YES;
				CLANG_WARN_OBJC_LITERAL_CONVERSION = YES;
				CLANG_WARN_OBJC_ROOT_CLASS = YES_ERROR;
				CLANG_WARN_RANGE_LOOP_ANALYSIS = YES;
				CLANG_WARN_STRICT_PROTOTYPES = YES;
				CLANG_WARN_SUSPICIOUS_MOVE = YES;
				CLANG_WARN_UNGUARDED_AVAILABILITY = YES_AGGRESSIVE;
				CLANG_WARN_UNREACHABLE_CODE = YES;
				CLANG_WARN__DUPLICATE_METHOD_MATCH = YES;
				COPY_PHASE_STRIP = NO;
				DEBUG_INFORMATION_FORMAT = "dwarf-with-dsym";
				ENABLE_NS_ASSERTIONS = NO;
				ENABLE_STRICT_OBJC_MSGSEND = YES;
				GCC_C_LANGUAGE_STANDARD = gnu11;
				GCC_NO_COMMON_BLOCKS = YES;
				GCC_WARN_64_TO_32_BIT_CONVERSION = YES;
				GCC_WARN_ABOUT_RETURN_TYPE = YES_ERROR;
				GCC_WARN_UNDECLARED_SELECTOR = YES;
				GCC_WARN_UNINITIALIZED_AUTOS = YES_AGGRESSIVE;
				GCC_WARN_UNUSED_FUNCTION = YES;
				GCC_WARN_UNUSED_VARIABLE = YES;
				IPHONEOS_DEPLOYMENT_TARGET = 13.4;
				MTL_ENABLE_DEBUG_INFO = NO;
				MTL_FAST_MATH = YES;
				SDKROOT = iphoneos;
				SWIFT_COMPILATION_MODE = wholemodule;
				SWIFT_OPTIMIZATION_LEVEL = "-O";
				VALIDATE_PRODUCT = YES;
			};
			name = Release;
		};
		E9E339FF2478076800B91C4C /* Debug */ = {
			isa = XCBuildConfiguration;
			buildSettings = {
				ASSETCATALOG_COMPILER_APPICON_NAME = AppIcon;
				CODE_SIGN_STYLE = Automatic;
				DEVELOPMENT_TEAM = S59HYY3L5C;
				INFOPLIST_FILE = WebViewWithLaunchScreen/Info.plist;
				LD_RUNPATH_SEARCH_PATHS = (
					"$(inherited)",
					"@executable_path/Frameworks",
				);
				PRODUCT_BUNDLE_IDENTIFIER = com.REDev.WebViewWithLaunchScreen;
				PRODUCT_NAME = "$(TARGET_NAME)";
				SWIFT_VERSION = 5.0;
				TARGETED_DEVICE_FAMILY = "1,2";
			};
			name = Debug;
		};
		E9E33A002478076800B91C4C /* Release */ = {
			isa = XCBuildConfiguration;
			buildSettings = {
				ASSETCATALOG_COMPILER_APPICON_NAME = AppIcon;
				CODE_SIGN_STYLE = Automatic;
				DEVELOPMENT_TEAM = S59HYY3L5C;
				INFOPLIST_FILE = WebViewWithLaunchScreen/Info.plist;
				LD_RUNPATH_SEARCH_PATHS = (
					"$(inherited)",
					"@executable_path/Frameworks",
				);
				PRODUCT_BUNDLE_IDENTIFIER = com.REDev.WebViewWithLaunchScreen;
				PRODUCT_NAME = "$(TARGET_NAME)";
				SWIFT_VERSION = 5.0;
				TARGETED_DEVICE_FAMILY = "1,2";
			};
			name = Release;
		};
/* End XCBuildConfiguration section */

/* Begin XCConfigurationList section */
		E9E339E52478076600B91C4C /* Build configuration list for PBXProject "WebViewWithLaunchScreen" */ = {
			isa = XCConfigurationList;
			buildConfigurations = (
				E9E339FC2478076800B91C4C /* Debug */,
				E9E339FD2478076800B91C4C /* Release */,
			);
			defaultConfigurationIsVisible = 0;
			defaultConfigurationName = Release;
		};
		E9E339FE2478076800B91C4C /* Build configuration list for PBXNativeTarget "WebViewWithLaunchScreen" */ = {
			isa = XCConfigurationList;
			buildConfigurations = (
				E9E339FF2478076800B91C4C /* Debug */,
				E9E33A002478076800B91C4C /* Release */,
			);
			defaultConfigurationIsVisible = 0;
			defaultConfigurationName = Release;
		};
/* End XCConfigurationList section */
	};
	rootObject = E9E339E22478076600B91C4C /* Project object */;
}
